
Microsoft Visual Studio Solution File, Format Version 12.00
# Visual Studio Version 16
VisualStudioVersion = 16.0.29806.167
MinimumVisualStudioVersion = 10.0.40219.1
Project("{2150E333-8FDC-42A3-9474-1A3956D46DE8}") = "API", "API", "{75D40D53-132B-44E0-90B3-AF4B9D7B8195}"
EndProject
Project("{2150E333-8FDC-42A3-9474-1A3956D46DE8}") = "Domain", "Domain", "{3CF13934-73DF-41EE-B39E-1BE35CB12F76}"
EndProject
Project("{2150E333-8FDC-42A3-9474-1A3956D46DE8}") = "Infra", "Infra", "{264AF000-C2E3-4BD3-AE97-B7F3B2007949}"
EndProject
Project("{9A19103F-16F7-4668-BE54-9A1E7A4F7556}") = "Forecast.Infra", "Infra\Forecast.Infra.csproj", "{12A1AF53-3964-4A2D-AC76-383ABC6E5506}"
EndProject
Project("{9A19103F-16F7-4668-BE54-9A1E7A4F7556}") = "Forecast.Domain", "Domain\Forecast.Domain.csproj", "{C472F89B-749E-4C98-B427-94CDCAD556C5}"
EndProject
Project("{9A19103F-16F7-4668-BE54-9A1E7A4F7556}") = "Forecast.API", "API\Forecast.API.csproj", "{9045E8BC-3549-4263-BAAD-7F6863AD7B1B}"
EndProject
Project("{2150E333-8FDC-42A3-9474-1A3956D46DE8}") = "Tests", "Tests", "{0EC19BF9-4FA1-4AB4-B0CC-652CCE51B8E8}"
EndProject
Project("{9A19103F-16F7-4668-BE54-9A1E7A4F7556}") = "Forecast.Tests", "Tests\Forecast.Tests.csproj", "{EEFD8861-F85B-43A2-8D0F-ECD1F3C3E7DD}"
EndProject
Project("{2150E333-8FDC-42A3-9474-1A3956D46DE8}") = "WPF", "WPF", "{104016E7-B377-4674-BF1D-A85FC05D765E}"
EndProject
Project("{FAE04EC0-301F-11D3-BF4B-00C04F79EFBC}") = "Forecast.Wpf", "WPF\Forecast.Wpf\Forecast.Wpf.csproj", "{F0EB6766-1F23-4A6A-B4FC-ADB7F4F86C18}"
EndProject
Project("{2150E333-8FDC-42A3-9474-1A3956D46DE8}") = "Modules", "Modules", "{AD84EB72-E0DF-40C4-B246-0F91E99FE594}"
EndProject
Project("{FAE04EC0-301F-11D3-BF4B-00C04F79EFBC}") = "Forecast.Module.Abc", "Modules\Forecast.Module.Abc\Forecast.Module.Abc.csproj", "{B8D790B7-9D39-4F1D-BDA1-3D54A855C31E}"
EndProject
Project("{FAE04EC0-301F-11D3-BF4B-00C04F79EFBC}") = "Forecast.Module.Bdi", "Modules\Forecast.Module.Bdi\Forecast.Module.Bdi.csproj", "{0AC6693B-FE3D-46C7-A9E6-8D7305439859}"
EndProject
Project("{FAE04EC0-301F-11D3-BF4B-00C04F79EFBC}") = "Forecast.Module.Composition", "Modules\Forecast.Module.Composition\Forecast.Module.Composition.csproj", "{6DDE2681-00AD-45BF-A619-884AD72EF8AF}"
EndProject
Project("{FAE04EC0-301F-11D3-BF4B-00C04F79EFBC}") = "Forecast.Module.Home", "Modules\Forecast.Module.Home\Forecast.Module.Home.csproj", "{6F93A363-FB06-4BA5-815E-ADE991BBD46E}"
EndProject
Project("{FAE04EC0-301F-11D3-BF4B-00C04F79EFBC}") = "Forecast.Module.Menu", "Modules\Forecast.Module.Menu\Forecast.Module.Menu.csproj", "{A807E54C-9B6B-4238-89C0-83811CE5E185}"
EndProject
Project("{FAE04EC0-301F-11D3-BF4B-00C04F79EFBC}") = "Forecast.Module.Quote", "Modules\Forecast.Module.Quote\Forecast.Module.Quote.csproj", "{14204FA3-C0EE-4EDA-984E-1755AD905263}"
EndProject
Project("{FAE04EC0-301F-11D3-BF4B-00C04F79EFBC}") = "Forecast.Module.Report", "Modules\Forecast.Module.Report\Forecast.Module.Report.csproj", "{3EDA14E8-548F-46B6-92B7-1C9CF5B2D615}"
EndProject
Project("{FAE04EC0-301F-11D3-BF4B-00C04F79EFBC}") = "Forecast.Module.Shared", "Modules\Forecast.Module.Shared\Forecast.Module.Shared.csproj", "{7607B9AF-5005-4A33-830C-CEA8F112E57E}"
EndProject
Project("{FAE04EC0-301F-11D3-BF4B-00C04F79EFBC}") = "Forecast.Modules.Statusbar", "Modules\Forecast.Modules.Statusbar\Forecast.Modules.Statusbar.csproj", "{74F3997B-F9F8-4E2B-AAA8-EA6DC7BDF825}"
EndProject
Project("{FAE04EC0-301F-11D3-BF4B-00C04F79EFBC}") = "Forecast.Module.Enroll", "Modules\Forecast.Module.Enroll\Forecast.Module.Enroll.csproj", "{D6BDF1F3-F6B4-4B90-8320-82B4C8EE11E8}"
EndProject
Project("{2150E333-8FDC-42A3-9474-1A3956D46DE8}") = "Core", "Core", "{D1450AF5-92A7-4815-8E51-A07553605C21}"
EndProject
Project("{9A19103F-16F7-4668-BE54-9A1E7A4F7556}") = "Forecast.Core", "Core\Forecast.Core\Forecast.Core.csproj", "{35D19209-C2BB-4EE0-B4EB-C7FBE4BA25E3}"
EndProject
Project("{FAE04EC0-301F-11D3-BF4B-00C04F79EFBC}") = "Forecast.Module.Settings", "Modules\Forecast.Module.Settings\Forecast.Module.Settings.csproj", "{82137ED3-41D8-49F0-BE4E-DF84DBF9E1F8}"
EndProject
Project("{2150E333-8FDC-42A3-9474-1A3956D46DE8}") = "Helpers", "Helpers", "{F6F77C2F-B70E-486F-BB15-091AAF7D55EC}"
EndProject
Project("{FAE04EC0-301F-11D3-BF4B-00C04F79EFBC}") = "SinapiScrapper", "Helpers\SinapiScrapper\SinapiScrapper.csproj", "{233ABB79-8A00-4EA0-A073-F4DD4C429923}"
EndProject
Global
	GlobalSection(SolutionConfigurationPlatforms) = preSolution
		Debug|Any CPU = Debug|Any CPU
		Release|Any CPU = Release|Any CPU
	EndGlobalSection
	GlobalSection(ProjectConfigurationPlatforms) = postSolution
		{12A1AF53-3964-4A2D-AC76-383ABC6E5506}.Debug|Any CPU.ActiveCfg = Debug|Any CPU
		{12A1AF53-3964-4A2D-AC76-383ABC6E5506}.Debug|Any CPU.Build.0 = Debug|Any CPU
		{12A1AF53-3964-4A2D-AC76-383ABC6E5506}.Release|Any CPU.ActiveCfg = Release|Any CPU
		{12A1AF53-3964-4A2D-AC76-383ABC6E5506}.Release|Any CPU.Build.0 = Release|Any CPU
		{C472F89B-749E-4C98-B427-94CDCAD556C5}.Debug|Any CPU.ActiveCfg = Debug|Any CPU
		{C472F89B-749E-4C98-B427-94CDCAD556C5}.Debug|Any CPU.Build.0 = Debug|Any CPU
		{C472F89B-749E-4C98-B427-94CDCAD556C5}.Release|Any CPU.ActiveCfg = Release|Any CPU
		{C472F89B-749E-4C98-B427-94CDCAD556C5}.Release|Any CPU.Build.0 = Release|Any CPU
		{9045E8BC-3549-4263-BAAD-7F6863AD7B1B}.Debug|Any CPU.ActiveCfg = Debug|Any CPU
		{9045E8BC-3549-4263-BAAD-7F6863AD7B1B}.Debug|Any CPU.Build.0 = Debug|Any CPU
		{9045E8BC-3549-4263-BAAD-7F6863AD7B1B}.Release|Any CPU.ActiveCfg = Release|Any CPU
		{9045E8BC-3549-4263-BAAD-7F6863AD7B1B}.Release|Any CPU.Build.0 = Release|Any CPU
		{EEFD8861-F85B-43A2-8D0F-ECD1F3C3E7DD}.Debug|Any CPU.ActiveCfg = Debug|Any CPU
		{EEFD8861-F85B-43A2-8D0F-ECD1F3C3E7DD}.Debug|Any CPU.Build.0 = Debug|Any CPU
		{EEFD8861-F85B-43A2-8D0F-ECD1F3C3E7DD}.Release|Any CPU.ActiveCfg = Release|Any CPU
		{EEFD8861-F85B-43A2-8D0F-ECD1F3C3E7DD}.Release|Any CPU.Build.0 = Release|Any CPU
		{F0EB6766-1F23-4A6A-B4FC-ADB7F4F86C18}.Debug|Any CPU.ActiveCfg = Debug|Any CPU
		{F0EB6766-1F23-4A6A-B4FC-ADB7F4F86C18}.Debug|Any CPU.Build.0 = Debug|Any CPU
		{F0EB6766-1F23-4A6A-B4FC-ADB7F4F86C18}.Release|Any CPU.ActiveCfg = Release|Any CPU
		{F0EB6766-1F23-4A6A-B4FC-ADB7F4F86C18}.Release|Any CPU.Build.0 = Release|Any CPU
		{B8D790B7-9D39-4F1D-BDA1-3D54A855C31E}.Debug|Any CPU.ActiveCfg = Debug|Any CPU
		{B8D790B7-9D39-4F1D-BDA1-3D54A855C31E}.Debug|Any CPU.Build.0 = Debug|Any CPU
		{B8D790B7-9D39-4F1D-BDA1-3D54A855C31E}.Release|Any CPU.ActiveCfg = Release|Any CPU
		{B8D790B7-9D39-4F1D-BDA1-3D54A855C31E}.Release|Any CPU.Build.0 = Release|Any CPU
		{0AC6693B-FE3D-46C7-A9E6-8D7305439859}.Debug|Any CPU.ActiveCfg = Debug|Any CPU
		{0AC6693B-FE3D-46C7-A9E6-8D7305439859}.Debug|Any CPU.Build.0 = Debug|Any CPU
		{0AC6693B-FE3D-46C7-A9E6-8D7305439859}.Release|Any CPU.ActiveCfg = Release|Any CPU
		{0AC6693B-FE3D-46C7-A9E6-8D7305439859}.Release|Any CPU.Build.0 = Release|Any CPU
		{6DDE2681-00AD-45BF-A619-884AD72EF8AF}.Debug|Any CPU.ActiveCfg = Debug|Any CPU
		{6DDE2681-00AD-45BF-A619-884AD72EF8AF}.Debug|Any CPU.Build.0 = Debug|Any CPU
		{6DDE2681-00AD-45BF-A619-884AD72EF8AF}.Release|Any CPU.ActiveCfg = Release|Any CPU
		{6DDE2681-00AD-45BF-A619-884AD72EF8AF}.Release|Any CPU.Build.0 = Release|Any CPU
		{6F93A363-FB06-4BA5-815E-ADE991BBD46E}.Debug|Any CPU.ActiveCfg = Debug|Any CPU
		{6F93A363-FB06-4BA5-815E-ADE991BBD46E}.Debug|Any CPU.Build.0 = Debug|Any CPU
		{6F93A363-FB06-4BA5-815E-ADE991BBD46E}.Release|Any CPU.ActiveCfg = Release|Any CPU
		{6F93A363-FB06-4BA5-815E-ADE991BBD46E}.Release|Any CPU.Build.0 = Release|Any CPU
		{A807E54C-9B6B-4238-89C0-83811CE5E185}.Debug|Any CPU.ActiveCfg = Debug|Any CPU
		{A807E54C-9B6B-4238-89C0-83811CE5E185}.Debug|Any CPU.Build.0 = Debug|Any CPU
		{A807E54C-9B6B-4238-89C0-83811CE5E185}.Release|Any CPU.ActiveCfg = Release|Any CPU
		{A807E54C-9B6B-4238-89C0-83811CE5E185}.Release|Any CPU.Build.0 = Release|Any CPU
		{14204FA3-C0EE-4EDA-984E-1755AD905263}.Debug|Any CPU.ActiveCfg = Debug|Any CPU
		{14204FA3-C0EE-4EDA-984E-1755AD905263}.Debug|Any CPU.Build.0 = Debug|Any CPU
		{14204FA3-C0EE-4EDA-984E-1755AD905263}.Release|Any CPU.ActiveCfg = Release|Any CPU
		{14204FA3-C0EE-4EDA-984E-1755AD905263}.Release|Any CPU.Build.0 = Release|Any CPU
		{3EDA14E8-548F-46B6-92B7-1C9CF5B2D615}.Debug|Any CPU.ActiveCfg = Debug|Any CPU
		{3EDA14E8-548F-46B6-92B7-1C9CF5B2D615}.Debug|Any CPU.Build.0 = Debug|Any CPU
		{3EDA14E8-548F-46B6-92B7-1C9CF5B2D615}.Release|Any CPU.ActiveCfg = Release|Any CPU
		{3EDA14E8-548F-46B6-92B7-1C9CF5B2D615}.Release|Any CPU.Build.0 = Release|Any CPU
		{7607B9AF-5005-4A33-830C-CEA8F112E57E}.Debug|Any CPU.ActiveCfg = Debug|Any CPU
		{7607B9AF-5005-4A33-830C-CEA8F112E57E}.Debug|Any CPU.Build.0 = Debug|Any CPU
		{7607B9AF-5005-4A33-830C-CEA8F112E57E}.Release|Any CPU.ActiveCfg = Release|Any CPU
		{7607B9AF-5005-4A33-830C-CEA8F112E57E}.Release|Any CPU.Build.0 = Release|Any CPU
		{74F3997B-F9F8-4E2B-AAA8-EA6DC7BDF825}.Debug|Any CPU.ActiveCfg = Debug|Any CPU
		{74F3997B-F9F8-4E2B-AAA8-EA6DC7BDF825}.Debug|Any CPU.Build.0 = Debug|Any CPU
		{74F3997B-F9F8-4E2B-AAA8-EA6DC7BDF825}.Release|Any CPU.ActiveCfg = Release|Any CPU
		{74F3997B-F9F8-4E2B-AAA8-EA6DC7BDF825}.Release|Any CPU.Build.0 = Release|Any CPU
		{D6BDF1F3-F6B4-4B90-8320-82B4C8EE11E8}.Debug|Any CPU.ActiveCfg = Debug|Any CPU
		{D6BDF1F3-F6B4-4B90-8320-82B4C8EE11E8}.Debug|Any CPU.Build.0 = Debug|Any CPU
		{D6BDF1F3-F6B4-4B90-8320-82B4C8EE11E8}.Release|Any CPU.ActiveCfg = Release|Any CPU
		{D6BDF1F3-F6B4-4B90-8320-82B4C8EE11E8}.Release|Any CPU.Build.0 = Release|Any CPU
		{35D19209-C2BB-4EE0-B4EB-C7FBE4BA25E3}.Debug|Any CPU.ActiveCfg = Debug|Any CPU
		{35D19209-C2BB-4EE0-B4EB-C7FBE4BA25E3}.Debug|Any CPU.Build.0 = Debug|Any CPU
		{35D19209-C2BB-4EE0-B4EB-C7FBE4BA25E3}.Release|Any CPU.ActiveCfg = Release|Any CPU
		{35D19209-C2BB-4EE0-B4EB-C7FBE4BA25E3}.Release|Any CPU.Build.0 = Release|Any CPU
		{82137ED3-41D8-49F0-BE4E-DF84DBF9E1F8}.Debug|Any CPU.ActiveCfg = Debug|Any CPU
		{82137ED3-41D8-49F0-BE4E-DF84DBF9E1F8}.Debug|Any CPU.Build.0 = Debug|Any CPU
		{82137ED3-41D8-49F0-BE4E-DF84DBF9E1F8}.Release|Any CPU.ActiveCfg = Release|Any CPU
		{82137ED3-41D8-49F0-BE4E-DF84DBF9E1F8}.Release|Any CPU.Build.0 = Release|Any CPU
		{233ABB79-8A00-4EA0-A073-F4DD4C429923}.Debug|Any CPU.ActiveCfg = Debug|Any CPU
		{233ABB79-8A00-4EA0-A073-F4DD4C429923}.Debug|Any CPU.Build.0 = Debug|Any CPU
		{233ABB79-8A00-4EA0-A073-F4DD4C429923}.Release|Any CPU.ActiveCfg = Release|Any CPU
		{233ABB79-8A00-4EA0-A073-F4DD4C429923}.Release|Any CPU.Build.0 = Release|Any CPU
	EndGlobalSection
	GlobalSection(SolutionProperties) = preSolution
		HideSolutionNode = FALSE
	EndGlobalSection
	GlobalSection(NestedProjects) = preSolution
		{12A1AF53-3964-4A2D-AC76-383ABC6E5506} = {264AF000-C2E3-4BD3-AE97-B7F3B2007949}
		{C472F89B-749E-4C98-B427-94CDCAD556C5} = {3CF13934-73DF-41EE-B39E-1BE35CB12F76}
		{9045E8BC-3549-4263-BAAD-7F6863AD7B1B} = {75D40D53-132B-44E0-90B3-AF4B9D7B8195}
		{EEFD8861-F85B-43A2-8D0F-ECD1F3C3E7DD} = {0EC19BF9-4FA1-4AB4-B0CC-652CCE51B8E8}
		{F0EB6766-1F23-4A6A-B4FC-ADB7F4F86C18} = {104016E7-B377-4674-BF1D-A85FC05D765E}
		{AD84EB72-E0DF-40C4-B246-0F91E99FE594} = {104016E7-B377-4674-BF1D-A85FC05D765E}
		{B8D790B7-9D39-4F1D-BDA1-3D54A855C31E} = {AD84EB72-E0DF-40C4-B246-0F91E99FE594}
		{0AC6693B-FE3D-46C7-A9E6-8D7305439859} = {AD84EB72-E0DF-40C4-B246-0F91E99FE594}
		{6DDE2681-00AD-45BF-A619-884AD72EF8AF} = {AD84EB72-E0DF-40C4-B246-0F91E99FE594}
		{6F93A363-FB06-4BA5-815E-ADE991BBD46E} = {AD84EB72-E0DF-40C4-B246-0F91E99FE594}
		{A807E54C-9B6B-4238-89C0-83811CE5E185} = {AD84EB72-E0DF-40C4-B246-0F91E99FE594}
		{14204FA3-C0EE-4EDA-984E-1755AD905263} = {AD84EB72-E0DF-40C4-B246-0F91E99FE594}
		{3EDA14E8-548F-46B6-92B7-1C9CF5B2D615} = {AD84EB72-E0DF-40C4-B246-0F91E99FE594}
		{7607B9AF-5005-4A33-830C-CEA8F112E57E} = {AD84EB72-E0DF-40C4-B246-0F91E99FE594}
		{74F3997B-F9F8-4E2B-AAA8-EA6DC7BDF825} = {AD84EB72-E0DF-40C4-B246-0F91E99FE594}
		{D6BDF1F3-F6B4-4B90-8320-82B4C8EE11E8} = {AD84EB72-E0DF-40C4-B246-0F91E99FE594}
		{35D19209-C2BB-4EE0-B4EB-C7FBE4BA25E3} = {D1450AF5-92A7-4815-8E51-A07553605C21}
		{82137ED3-41D8-49F0-BE4E-DF84DBF9E1F8} = {AD84EB72-E0DF-40C4-B246-0F91E99FE594}
		{233ABB79-8A00-4EA0-A073-F4DD4C429923} = {F6F77C2F-B70E-486F-BB15-091AAF7D55EC}
	EndGlobalSection
	GlobalSection(ExtensibilityGlobals) = postSolution
		SolutionGuid = {5C460CF6-994A-4373-97AB-9D84CA326B2F}
	EndGlobalSection
EndGlobal
